lockfileVersion: '9.0'

settings:
  autoInstallPeers: true
  excludeLinksFromLockfile: false

importers:

  .:
    dependencies:
      es-toolkit:
        specifier: ^1.38.0
        version: 1.38.0
      simple-statistics:
        specifier: ^7.8.7
        version: 7.8.7
      which-polygon:
        specifier: ^2.2.1
        version: 2.2.1
      zod:
        specifier: ^4.3.2
        version: 4.3.2
    devDependencies:
      '@types/bun':
        specifier: ^1.3.11
        version: 1.3.11
      '@types/geojson':
        specifier: ^7946.0.16
        version: 7946.0.16
      '@types/which-polygon':
        specifier: ^2.2.5
        version: 2.2.5

packages:

  '@types/bun@1.3.11':
    resolution: {integrity: sha512-5vPne5QvtpjGpsGYXiFyycfpDF2ECyPcTSsFBMa0fraoxiQyMJ3SmuQIGhzPg2WJuWxVBoxWJ2kClYTcw/4fAg==}

  '@types/geojson@7946.0.16':
    resolution: {integrity: sha512-6C8nqWur3j98U6+lXDfTUWIfgvZU+EumvpHKcYjujKH7woYyLj2sUmff0tRhrqM7BohUw7Pz3ZB1jj2gW9Fvmg==}

  '@types/node@20.14.10':
    resolution: {integrity: sha512-MdiXf+nDuMvY0gJKxyfZ7/6UFsETO7mGKF54MVD/ekJS6HdFtpZFBgrh6Pseu64XTb2MLyFPlbW6hj8HYRQNOQ==}

  '@types/rbush@3.0.4':
    resolution: {integrity: sha512-knSt9cCW8jj1ZSFcFeBZaX++OucmfPxxHiRwTahZfJlnQsek7O0bazTJHWD2RVj9LEoejUYF2de3/stf+QXcXw==}

  '@types/which-polygon@2.2.5':
    resolution: {integrity: sha512-H+PEvM7O+5F1l570LaA5+sL/kJQ7WeoNsw3VqMSz8u2xaojCKDWA7vn9qUODdjuGHei9Eql570btqAjGjX8HMQ==}

  bun-types@1.3.11:
    resolution: {integrity: sha512-1KGPpoxQWl9f6wcZh57LvrPIInQMn2TQ7jsgxqpRzg+l0QPOFvJVH7HmvHo/AiPgwXy+/Thf6Ov3EdVn1vOabg==}

  es-toolkit@1.38.0:
    resolution: {integrity: sha512-OT3AxczYYd3W50bCj4V0hKoOAfqIy9tof0leNQYekEDxVKir3RTVTJOLij7VAe6fsCNsGhC0JqIkURpMXTCSEA==}

  lineclip@1.1.5:
    resolution: {integrity: sha512-KlA/wRSjpKl7tS9iRUdlG72oQ7qZ1IlVbVgHwoO10TBR/4gQ86uhKow6nlzMAJJhjCWKto8OeoAzzIzKSmN25A==}

  quickselect@1.1.1:
    resolution: {integrity: sha512-qN0Gqdw4c4KGPsBOQafj6yj/PA6c/L63f6CaZ/DCF/xF4Esu3jVmKLUDYxghFx8Kb/O7y9tI7x2RjTSXwdK1iQ==}

  rbush@2.0.2:
    resolution: {integrity: sha512-XBOuALcTm+O/H8G90b6pzu6nX6v2zCKiFG4BJho8a+bY6AER6t8uQUZdi5bomQc0AprCWhEGa7ncAbbRap0bRA==}

  simple-statistics@7.8.7:
    resolution: {integrity: sha512-ed5FwTNYvkMTfbCai1U+r3symP+lIPKWCqKdudpN4NFNMn9RtDlFtSyAQhCp4oPH0YBjWu/qnW+5q5ZkPB3uHQ==}

  undici-types@5.26.5:
    resolution: {integrity: sha512-JlCMO+ehdEIKqlFxk6IfVoAUVmgz7cU7zD/h9XZ0qzeosSHmUJVOzSQvvYSYWXkFXC+IfLKSIffhv0sVZup6pA==}

  which-polygon@2.2.1:
    resolution: {integrity: sha512-RlpWbqz12OMT0r2lEHk7IUPXz0hb1L/ZZsGushB2P2qxuBu1aq1+bcTfsLtfoRBYHsED6ruBMiwFaidvXZfQVw==}

  zod@4.3.2:
    resolution: {integrity: sha512-b8L8yn4rIVfiXyHAmnr52/ZEpDumlT0bmxiq3Ws1ybrinhflGpt12Hvv54kYnEsGPRs6o/Ka3/ppA2OWY21IVg==}

snapshots:

  '@types/bun@1.3.11':
    dependencies:
      bun-types: 1.3.11

  '@types/geojson@7946.0.16': {}

  '@types/node@20.14.10':
    dependencies:
      undici-types: 5.26.5

  '@types/rbush@3.0.4': {}

  '@types/which-polygon@2.2.5':
    dependencies:
      '@types/geojson': 7946.0.16
      '@types/rbush': 3.0.4

  bun-types@1.3.11:
    dependencies:
      '@types/node': 20.14.10

  es-toolkit@1.38.0: {}

  lineclip@1.1.5: {}

  quickselect@1.1.1: {}

  rbush@2.0.2:
    dependencies:
      quickselect: 1.1.1

  simple-statistics@7.8.7: {}

  undici-types@5.26.5: {}

  which-polygon@2.2.1:
    dependencies:
      lineclip: 1.1.5
      rbush: 2.0.2

  zod@4.3.2: {}
